
Microsoft Visual Studio Solution File, Format Version 12.00
# Visual Studio Version 17
VisualStudioVersion = 17.4.33205.214
MinimumVisualStudioVersion = 10.0.40219.1
Project("{FAE04EC0-301F-11D3-BF4B-00C04F79EFBC}") = "DummyApp", "DummyApp\DummyApp.csproj", "{F74F26F5-89BF-4CFB-813C-DBF2CBD0DB8A}"
EndProject
Global
	GlobalSection(SolutionConfigurationPlatforms) = preSolution
		Debug|Any CPU = Debug|Any CPU
		Release|Any CPU = Release|Any CPU
	EndGlobalSection
	GlobalSection(ProjectConfigurationPlatforms) = postSolution
		{F74F26F5-89BF-4CFB-813C-DBF2CBD0DB8A}.Debug|Any CPU.ActiveCfg = Debug|Any CPU
		{F74F26F5-89BF-4CFB-813C-DBF2CBD0DB8A}.Debug|Any CPU.Build.0 = Debug|Any CPU
		{F74F26F5-89BF-4CFB-813C-DBF2CBD0DB8A}.Release|Any CPU.ActiveCfg = Release|Any CPU
		{F74F26F5-89BF-4CFB-813C-DBF2CBD0DB8A}.Release|Any CPU.Build.0 = Release|Any CPU
	EndGlobalSection
	GlobalSection(SolutionProperties) = preSolution
		HideSolutionNode = FALSE
	EndGlobalSection
	GlobalSection(ExtensibilityGlobals) = postSolution
		SolutionGuid = {F1CB9D2A-3D9D-4595-9F60-D13AAB5B52B0}
	EndGlobalSection
EndGlobal
